
Microsoft Visual Studio Solution File, Format Version 12.00
# Visual Studio 2013
VisualStudioVersion = 12.0.40629.0
MinimumVisualStudioVersion = 10.0.40219.1
Project("{FAE04EC0-301F-11D3-BF4B-00C04F79EFBC}") = "DotNet.Revit.InvokeCommand", "DotNet.Revit.InvokeCommand\DotNet.Revit.InvokeCommand.csproj", "{F40BCA44-2737-4530-866C-B8ECB07696BE}"
EndProject
Project("{FAE04EC0-301F-11D3-BF4B-00C04F79EFBC}") = "DotNet.Revit.ShortKey", "DotNet.Revit.ShortKey\DotNet.Revit.ShortKey.csproj", "{BB36AF9B-E8EC-42BA-AEA8-21C7B6C94058}"
EndProject
Project("{FAE04EC0-301F-11D3-BF4B-00C04F79EFBC}") = "DotNet.Revit.GeometryObject", "DotNet.Revit.GeometryObject\DotNet.Revit.GeometryObject.csproj", "{61F38117-EB54-46B6-96BB-D62B3E0E599A}"
EndProject
Project("{FAE04EC0-301F-11D3-BF4B-00C04F79EFBC}") = "DotNet.Revit.Ribbon", "DotNet.Revit.Ribbon\DotNet.Revit.Ribbon.csproj", "{6519EF10-60A9-46DE-A14E-9B8787BCC5FC}"
EndProject
Project("{FAE04EC0-301F-11D3-BF4B-00C04F79EFBC}") = "DotNet.Revit.ViewTransform", "DotNet.Revit.ViewTransform\DotNet.Revit.ViewTransform.csproj", "{748628B2-77B6-4C20-AE98-7C78F71386AB}"
EndProject
Project("{FAE04EC0-301F-11D3-BF4B-00C04F79EFBC}") = "DotNet.Revit.ExternalEvent", "DotNet.Revit.ExternalEvent\DotNet.Revit.ExternalEvent.csproj", "{7164311A-01C1-4FAB-97DB-B9310C973800}"
EndProject
Project("{FAE04EC0-301F-11D3-BF4B-00C04F79EFBC}") = "DotNet.Revit.NET", "DotNet.Revit.NET\DotNet.Revit.NET.csproj", "{A4D8216D-D414-4482-A1DC-98A972D09227}"
EndProject
Global
	GlobalSection(SolutionConfigurationPlatforms) = preSolution
		Debug|Any CPU = Debug|Any CPU
		Release|Any CPU = Release|Any CPU
	EndGlobalSection
	GlobalSection(ProjectConfigurationPlatforms) = postSolution
		{F40BCA44-2737-4530-866C-B8ECB07696BE}.Debug|Any CPU.ActiveCfg = Debug|Any CPU
		{F40BCA44-2737-4530-866C-B8ECB07696BE}.Debug|Any CPU.Build.0 = Debug|Any CPU
		{F40BCA44-2737-4530-866C-B8ECB07696BE}.Release|Any CPU.ActiveCfg = Release|Any CPU
		{F40BCA44-2737-4530-866C-B8ECB07696BE}.Release|Any CPU.Build.0 = Release|Any CPU
		{BB36AF9B-E8EC-42BA-AEA8-21C7B6C94058}.Debug|Any CPU.ActiveCfg = Debug|Any CPU
		{BB36AF9B-E8EC-42BA-AEA8-21C7B6C94058}.Debug|Any CPU.Build.0 = Debug|Any CPU
		{BB36AF9B-E8EC-42BA-AEA8-21C7B6C94058}.Release|Any CPU.ActiveCfg = Release|Any CPU
		{BB36AF9B-E8EC-42BA-AEA8-21C7B6C94058}.Release|Any CPU.Build.0 = Release|Any CPU
		{61F38117-EB54-46B6-96BB-D62B3E0E599A}.Debug|Any CPU.ActiveCfg = Debug|Any CPU
		{61F38117-EB54-46B6-96BB-D62B3E0E599A}.Debug|Any CPU.Build.0 = Debug|Any CPU
		{61F38117-EB54-46B6-96BB-D62B3E0E599A}.Release|Any CPU.ActiveCfg = Release|Any CPU
		{61F38117-EB54-46B6-96BB-D62B3E0E599A}.Release|Any CPU.Build.0 = Release|Any CPU
		{6519EF10-60A9-46DE-A14E-9B8787BCC5FC}.Debug|Any CPU.ActiveCfg = Debug|Any CPU
		{6519EF10-60A9-46DE-A14E-9B8787BCC5FC}.Debug|Any CPU.Build.0 = Debug|Any CPU
		{6519EF10-60A9-46DE-A14E-9B8787BCC5FC}.Release|Any CPU.ActiveCfg = Release|Any CPU
		{6519EF10-60A9-46DE-A14E-9B8787BCC5FC}.Release|Any CPU.Build.0 = Release|Any CPU
		{748628B2-77B6-4C20-AE98-7C78F71386AB}.Debug|Any CPU.ActiveCfg = Debug|Any CPU
		{748628B2-77B6-4C20-AE98-7C78F71386AB}.Debug|Any CPU.Build.0 = Debug|Any CPU
		{748628B2-77B6-4C20-AE98-7C78F71386AB}.Release|Any CPU.ActiveCfg = Release|Any CPU
		{748628B2-77B6-4C20-AE98-7C78F71386AB}.Release|Any CPU.Build.0 = Release|Any CPU
		{7164311A-01C1-4FAB-97DB-B9310C973800}.Debug|Any CPU.ActiveCfg = Debug|Any CPU
		{7164311A-01C1-4FAB-97DB-B9310C973800}.Debug|Any CPU.Build.0 = Debug|Any CPU
		{7164311A-01C1-4FAB-97DB-B9310C973800}.Release|Any CPU.ActiveCfg = Release|Any CPU
		{7164311A-01C1-4FAB-97DB-B9310C973800}.Release|Any CPU.Build.0 = Release|Any CPU
		{A4D8216D-D414-4482-A1DC-98A972D09227}.Debug|Any CPU.ActiveCfg = Debug|Any CPU
		{A4D8216D-D414-4482-A1DC-98A972D09227}.Debug|Any CPU.Build.0 = Debug|Any CPU
		{A4D8216D-D414-4482-A1DC-98A972D09227}.Release|Any CPU.ActiveCfg = Release|Any CPU
		{A4D8216D-D414-4482-A1DC-98A972D09227}.Release|Any CPU.Build.0 = Release|Any CPU
	EndGlobalSection
	GlobalSection(SolutionProperties) = preSolution
		HideSolutionNode = FALSE
	EndGlobalSection
EndGlobal
